
Microsoft Visual Studio Solution File, Format Version 12.00
# Visual Studio 15
VisualStudioVersion = 15.0.28307.168
MinimumVisualStudioVersion = 10.0.40219.1
Project("{F2A71F9B-5D33-465A-A702-920D77279786}") = "SLDot", "src\SLDot.fsproj", "{2DF2BD34-DC97-4F35-9C41-37840C50DCE7}"
EndProject
Project("{F2A71F9B-5D33-465A-A702-920D77279786}") = "SLDotTest", "test\SLDotTest.fsproj", "{2AC98DC5-C294-4D15-981D-CAB84799F464}"
EndProject
Global
	GlobalSection(SolutionConfigurationPlatforms) = preSolution
		Debug|Any CPU = Debug|Any CPU
		Release|Any CPU = Release|Any CPU
	EndGlobalSection
	GlobalSection(ProjectConfigurationPlatforms) = postSolution
		{2DF2BD34-DC97-4F35-9C41-37840C50DCE7}.Debug|Any CPU.ActiveCfg = Debug|Any CPU
		{2DF2BD34-DC97-4F35-9C41-37840C50DCE7}.Debug|Any CPU.Build.0 = Debug|Any CPU
		{2DF2BD34-DC97-4F35-9C41-37840C50DCE7}.Release|Any CPU.ActiveCfg = Release|Any CPU
		{2DF2BD34-DC97-4F35-9C41-37840C50DCE7}.Release|Any CPU.Build.0 = Release|Any CPU
		{2AC98DC5-C294-4D15-981D-CAB84799F464}.Debug|Any CPU.ActiveCfg = Debug|Any CPU
		{2AC98DC5-C294-4D15-981D-CAB84799F464}.Debug|Any CPU.Build.0 = Debug|Any CPU
		{2AC98DC5-C294-4D15-981D-CAB84799F464}.Release|Any CPU.ActiveCfg = Release|Any CPU
		{2AC98DC5-C294-4D15-981D-CAB84799F464}.Release|Any CPU.Build.0 = Release|Any CPU
	EndGlobalSection
	GlobalSection(SolutionProperties) = preSolution
		HideSolutionNode = FALSE
	EndGlobalSection
	GlobalSection(ExtensibilityGlobals) = postSolution
		SolutionGuid = {DB82147E-FD15-4574-8EA6-D6FC346F2F18}
	EndGlobalSection
EndGlobal
